{
  "name": "seattle-shorelines-app",
  "version": "0.0.0",
  "lockfileVersion": 1,
  "requires": true,
  "dependencies": {
    "@angular/cdk": {
      "version": "2.0.0-beta.11",
      "resolved": "https://registry.npmjs.org/@angular/cdk/-/cdk-2.0.0-beta.11.tgz",
      "integrity": "sha512-sbOqPoC439SDmpLiMq2XjidMMCJ6ofToDew4IXd9ne0jLSd0gGU20tTrRHf79HMTmlAySP7PBOq4Wv1eOFu/8A==",
      "requires": {
        "tslib": "1.7.1"
      }
    },
    "tslib": {
      "version": "1.7.1",
      "resolved": "https://registry.npmjs.org/tslib/-/tslib-1.7.1.tgz",
      "integrity": "sha1-vIAEFkaRkjp5/oN4u+s9ogF1OOw="
    }
  }
}
